
Microsoft Visual Studio Solution File, Format Version 12.00
# Visual Studio Version 17
VisualStudioVersion = 17.10.35027.167
MinimumVisualStudioVersion = 10.0.40219.1
Project("{9A19103F-16F7-4668-BE54-9A1E7A4F7556}") = "DotNet8APIWithPostGreSQL", "DotNet8APIWithPostGreSQL\DotNet8APIWithPostGreSQL.csproj", "{242DA849-73AF-49CD-A0C9-502ADB9A5133}"
EndProject
Project("{2150E333-8FDC-42A3-9474-1A3956D46DE8}") = "Solution Items", "Solution Items", "{4EE79A40-C0BB-4EAD-ACA6-9EAD35C00611}"
	ProjectSection(SolutionItems) = preProject
		DotNet8APIWithPostGreSQL\DotNet8APIWithPostGreSQL.http = DotNet8APIWithPostGreSQL\DotNet8APIWithPostGreSQL.http
	EndProjectSection
EndProject
Global
	GlobalSection(SolutionConfigurationPlatforms) = preSolution
		Debug|Any CPU = Debug|Any CPU
		Release|Any CPU = Release|Any CPU
	EndGlobalSection
	GlobalSection(ProjectConfigurationPlatforms) = postSolution
		{242DA849-73AF-49CD-A0C9-502ADB9A5133}.Debug|Any CPU.ActiveCfg = Debug|Any CPU
		{242DA849-73AF-49CD-A0C9-502ADB9A5133}.Debug|Any CPU.Build.0 = Debug|Any CPU
		{242DA849-73AF-49CD-A0C9-502ADB9A5133}.Release|Any CPU.ActiveCfg = Release|Any CPU
		{242DA849-73AF-49CD-A0C9-502ADB9A5133}.Release|Any CPU.Build.0 = Release|Any CPU
	EndGlobalSection
	GlobalSection(SolutionProperties) = preSolution
		HideSolutionNode = FALSE
	EndGlobalSection
	GlobalSection(ExtensibilityGlobals) = postSolution
		SolutionGuid = {010D5C2F-0CB3-4896-98F5-A95BC86C3914}
	EndGlobalSection
EndGlobal
