
Microsoft Visual Studio Solution File, Format Version 12.00
# Visual Studio Version 17
VisualStudioVersion = 17.10.35027.167
MinimumVisualStudioVersion = 10.0.40219.1
Project("{9A19103F-16F7-4668-BE54-9A1E7A4F7556}") = "HandsOn_.NET8APIWithUnitTesting", "HandsOn_.NET8APIWithUnitTesting\HandsOn_.NET8APIWithUnitTesting.csproj", "{0CD48FFB-EDF2-45BA-921F-85362BFB6091}"
EndProject
Project("{FAE04EC0-301F-11D3-BF4B-00C04F79EFBC}") = "HandsOn_MoqTests", "HandsOn_MoqTests\HandsOn_MoqTests.csproj", "{A276770E-AD99-453F-820D-6261F6C7F0E5}"
EndProject
Global
	GlobalSection(SolutionConfigurationPlatforms) = preSolution
		Debug|Any CPU = Debug|Any CPU
		Release|Any CPU = Release|Any CPU
	EndGlobalSection
	GlobalSection(ProjectConfigurationPlatforms) = postSolution
		{0CD48FFB-EDF2-45BA-921F-85362BFB6091}.Debug|Any CPU.ActiveCfg = Debug|Any CPU
		{0CD48FFB-EDF2-45BA-921F-85362BFB6091}.Debug|Any CPU.Build.0 = Debug|Any CPU
		{0CD48FFB-EDF2-45BA-921F-85362BFB6091}.Release|Any CPU.ActiveCfg = Release|Any CPU
		{0CD48FFB-EDF2-45BA-921F-85362BFB6091}.Release|Any CPU.Build.0 = Release|Any CPU
		{A276770E-AD99-453F-820D-6261F6C7F0E5}.Debug|Any CPU.ActiveCfg = Debug|Any CPU
		{A276770E-AD99-453F-820D-6261F6C7F0E5}.Debug|Any CPU.Build.0 = Debug|Any CPU
		{A276770E-AD99-453F-820D-6261F6C7F0E5}.Release|Any CPU.ActiveCfg = Release|Any CPU
		{A276770E-AD99-453F-820D-6261F6C7F0E5}.Release|Any CPU.Build.0 = Release|Any CPU
	EndGlobalSection
	GlobalSection(SolutionProperties) = preSolution
		HideSolutionNode = FALSE
	EndGlobalSection
	GlobalSection(ExtensibilityGlobals) = postSolution
		SolutionGuid = {A2611245-8FC7-4C01-96D8-59694522EB81}
	EndGlobalSection
EndGlobal
